
Microsoft Visual Studio Solution File, Format Version 12.00
# Visual Studio 15
VisualStudioVersion = 15.0.33423.255
MinimumVisualStudioVersion = 10.0.40219.1
Project("{FAE04EC0-301F-11D3-BF4B-00C04F79EFBC}") = "PruebaTecnica", "PruebaTecnica\PruebaTecnica.csproj", "{18B29C36-EE07-4F48-8995-6460543B3712}"
	ProjectSection(ProjectDependencies) = postProject
		{FD03D665-90DD-4903-90D0-8F968A94F220} = {FD03D665-90DD-4903-90D0-8F968A94F220}
	EndProjectSection
EndProject
Project("{FAE04EC0-301F-11D3-BF4B-00C04F79EFBC}") = "Services", "Services\Services.csproj", "{FD03D665-90DD-4903-90D0-8F968A94F220}"
EndProject
Global
	GlobalSection(SolutionConfigurationPlatforms) = preSolution
		Debug|Any CPU = Debug|Any CPU
		Release|Any CPU = Release|Any CPU
	EndGlobalSection
	GlobalSection(ProjectConfigurationPlatforms) = postSolution
		{18B29C36-EE07-4F48-8995-6460543B3712}.Debug|Any CPU.ActiveCfg = Debug|Any CPU
		{18B29C36-EE07-4F48-8995-6460543B3712}.Debug|Any CPU.Build.0 = Debug|Any CPU
		{18B29C36-EE07-4F48-8995-6460543B3712}.Release|Any CPU.ActiveCfg = Release|Any CPU
		{18B29C36-EE07-4F48-8995-6460543B3712}.Release|Any CPU.Build.0 = Release|Any CPU
		{FD03D665-90DD-4903-90D0-8F968A94F220}.Debug|Any CPU.ActiveCfg = Debug|Any CPU
		{FD03D665-90DD-4903-90D0-8F968A94F220}.Debug|Any CPU.Build.0 = Debug|Any CPU
		{FD03D665-90DD-4903-90D0-8F968A94F220}.Release|Any CPU.ActiveCfg = Release|Any CPU
		{FD03D665-90DD-4903-90D0-8F968A94F220}.Release|Any CPU.Build.0 = Release|Any CPU
	EndGlobalSection
	GlobalSection(SolutionProperties) = preSolution
		HideSolutionNode = FALSE
	EndGlobalSection
	GlobalSection(ExtensibilityGlobals) = postSolution
		SolutionGuid = {6B3FE353-5AA9-43D3-90A8-6E1199F7E5CF}
	EndGlobalSection
EndGlobal
